
Microsoft Visual Studio Solution File, Format Version 12.00
# Visual Studio Version 16
VisualStudioVersion = 16.0.30717.126
MinimumVisualStudioVersion = 10.0.40219.1
Project("{888888A0-9F3D-457C-B088-3A5042F75D52}") = "tkinter n+c", "tkinter n+c\tkinter n+c.pyproj", "{55F781F6-5894-4344-916A-0EC53566F5B6}"
EndProject
Global
	GlobalSection(SolutionConfigurationPlatforms) = preSolution
		Debug|Any CPU = Debug|Any CPU
		Release|Any CPU = Release|Any CPU
	EndGlobalSection
	GlobalSection(ProjectConfigurationPlatforms) = postSolution
		{55F781F6-5894-4344-916A-0EC53566F5B6}.Debug|Any CPU.ActiveCfg = Debug|Any CPU
		{55F781F6-5894-4344-916A-0EC53566F5B6}.Release|Any CPU.ActiveCfg = Release|Any CPU
	EndGlobalSection
	GlobalSection(SolutionProperties) = preSolution
		HideSolutionNode = FALSE
	EndGlobalSection
	GlobalSection(ExtensibilityGlobals) = postSolution
		SolutionGuid = {5700F6E5-B442-4A53-811E-89830E13B7F7}
	EndGlobalSection
EndGlobal
